# This file was autogenerated by Stack.
# You should not edit this file by hand.
# For more information, please see the documentation at:
#   https://docs.haskellstack.org/en/stable/lock_files

packages: []
snapshots:
- completed:
    size: 521183
    url: https://raw.githubusercontent.com/commercialhaskell/stackage-snapshots/master/nightly/2020/5/7.yaml
    sha256: c72b9c63b7faa8812cb6308a3d74652cf0e9b793ff197e972ee74ade774ec4eb
  original: nightly-2020-05-07
